
Microsoft Visual Studio Solution File, Format Version 12.00
# Visual Studio Version 16
VisualStudioVersion = 16.0.29424.173
MinimumVisualStudioVersion = 10.0.40219.1
Project("{FAE04EC0-301F-11D3-BF4B-00C04F79EFBC}") = "GitTest", "GitTest.csproj", "{FD698F71-E62A-4497-838B-0F1FA50C722A}"
EndProject
Global
	GlobalSection(SolutionConfigurationPlatforms) = preSolution
		Debug|Any CPU = Debug|Any CPU
		Release|Any CPU = Release|Any CPU
	EndGlobalSection
	GlobalSection(ProjectConfigurationPlatforms) = postSolution
		{FD698F71-E62A-4497-838B-0F1FA50C722A}.Debug|Any CPU.ActiveCfg = Debug|Any CPU
		{FD698F71-E62A-4497-838B-0F1FA50C722A}.Debug|Any CPU.Build.0 = Debug|Any CPU
		{FD698F71-E62A-4497-838B-0F1FA50C722A}.Release|Any CPU.ActiveCfg = Release|Any CPU
		{FD698F71-E62A-4497-838B-0F1FA50C722A}.Release|Any CPU.Build.0 = Release|Any CPU
	EndGlobalSection
	GlobalSection(SolutionProperties) = preSolution
		HideSolutionNode = FALSE
	EndGlobalSection
	GlobalSection(ExtensibilityGlobals) = postSolution
		SolutionGuid = {42C7A737-98B5-4BFE-B449-B0EE68BD0D1F}
	EndGlobalSection
EndGlobal
